
Microsoft Visual Studio Solution File, Format Version 12.00
# Visual Studio 15
VisualStudioVersion = 15.0.26430.14
MinimumVisualStudioVersion = 10.0.40219.1
Project("{FAE04EC0-301F-11D3-BF4B-00C04F79EFBC}") = "WinformsUI", "WinformsUI\WinformsUI.csproj", "{7022FF55-5AB7-467C-AF9A-BE8DCE89BA2B}"
EndProject
Project("{FAE04EC0-301F-11D3-BF4B-00C04F79EFBC}") = "ConquestObjectsLib", "ConquestObjectsLib\ConquestObjectsLib.csproj", "{57A48D5C-6E58-4EC7-ACD0-565A4DF58DAF}"
EndProject
Project("{2150E333-8FDC-42A3-9474-1A3956D46DE8}") = "Maps", "Maps", "{B8663EA2-E2EE-4981-8B1F-DB7035326EA6}"
	ProjectSection(SolutionItems) = preProject
		WinformsUI\bin\Debug\Maps\Map.xsd = WinformsUI\bin\Debug\Maps\Map.xsd
		WinformsUI\bin\Debug\Maps\RegionColorMapping.xsd = WinformsUI\bin\Debug\Maps\RegionColorMapping.xsd
		WinformsUI\bin\Debug\Maps\World.xml = WinformsUI\bin\Debug\Maps\World.xml
		WinformsUI\bin\Debug\Maps\WorldColorRegionMapping.xml = WinformsUI\bin\Debug\Maps\WorldColorRegionMapping.xml
	EndProjectSection
EndProject
Project("{FAE04EC0-301F-11D3-BF4B-00C04F79EFBC}") = "DatabaseMappingLib", "DatabaseMappingLib\DatabaseMappingLib.csproj", "{AB6A3B62-7658-4325-9055-2AFC7CFAF24E}"
EndProject
Global
	GlobalSection(SolutionConfigurationPlatforms) = preSolution
		Debug|Any CPU = Debug|Any CPU
		Release|Any CPU = Release|Any CPU
	EndGlobalSection
	GlobalSection(ProjectConfigurationPlatforms) = postSolution
		{7022FF55-5AB7-467C-AF9A-BE8DCE89BA2B}.Debug|Any CPU.ActiveCfg = Debug|Any CPU
		{7022FF55-5AB7-467C-AF9A-BE8DCE89BA2B}.Debug|Any CPU.Build.0 = Debug|Any CPU
		{7022FF55-5AB7-467C-AF9A-BE8DCE89BA2B}.Release|Any CPU.ActiveCfg = Release|Any CPU
		{7022FF55-5AB7-467C-AF9A-BE8DCE89BA2B}.Release|Any CPU.Build.0 = Release|Any CPU
		{57A48D5C-6E58-4EC7-ACD0-565A4DF58DAF}.Debug|Any CPU.ActiveCfg = Debug|Any CPU
		{57A48D5C-6E58-4EC7-ACD0-565A4DF58DAF}.Debug|Any CPU.Build.0 = Debug|Any CPU
		{57A48D5C-6E58-4EC7-ACD0-565A4DF58DAF}.Release|Any CPU.ActiveCfg = Release|Any CPU
		{57A48D5C-6E58-4EC7-ACD0-565A4DF58DAF}.Release|Any CPU.Build.0 = Release|Any CPU
		{AB6A3B62-7658-4325-9055-2AFC7CFAF24E}.Debug|Any CPU.ActiveCfg = Debug|Any CPU
		{AB6A3B62-7658-4325-9055-2AFC7CFAF24E}.Debug|Any CPU.Build.0 = Debug|Any CPU
		{AB6A3B62-7658-4325-9055-2AFC7CFAF24E}.Release|Any CPU.ActiveCfg = Release|Any CPU
		{AB6A3B62-7658-4325-9055-2AFC7CFAF24E}.Release|Any CPU.Build.0 = Release|Any CPU
	EndGlobalSection
	GlobalSection(SolutionProperties) = preSolution
		HideSolutionNode = FALSE
	EndGlobalSection
EndGlobal
