
Microsoft Visual Studio Solution File, Format Version 12.00
# Visual Studio 15
VisualStudioVersion = 15.0.27130.2036
MinimumVisualStudioVersion = 10.0.40219.1
Project("{FAE04EC0-301F-11D3-BF4B-00C04F79EFBC}") = "WinformsUI", "WinformsUI\WinformsUI.csproj", "{7022FF55-5AB7-467C-AF9A-BE8DCE89BA2B}"
EndProject
Project("{2150E333-8FDC-42A3-9474-1A3956D46DE8}") = "Client", "Client", "{E1ADE0FD-F1C8-47D3-BCD8-268E1C4F226B}"
EndProject
Project("{2150E333-8FDC-42A3-9474-1A3956D46DE8}") = "Server", "Server", "{2E315EA8-397F-49D5-895D-3DE24CE2EAD6}"
EndProject
Project("{FAE04EC0-301F-11D3-BF4B-00C04F79EFBC}") = "Server", "Server\Server.csproj", "{2D2BDB23-02D1-4FA4-9932-604A789412EE}"
EndProject
Project("{FAE04EC0-301F-11D3-BF4B-00C04F79EFBC}") = "GameObjectsLib", "GameObjectsLib\GameObjectsLib.csproj", "{57A48D5C-6E58-4EC7-ACD0-565A4DF58DAF}"
EndProject
Project("{FAE04EC0-301F-11D3-BF4B-00C04F79EFBC}") = "GameAi", "GameAi\GameAi.csproj", "{1C45EF91-9586-4FC0-AABB-34751A8AAFEF}"
EndProject
Project("{FAE04EC0-301F-11D3-BF4B-00C04F79EFBC}") = "GameHandlersLib", "GameHandlersLib\GameHandlersLib.csproj", "{EB5F1BBB-F000-4835-86DF-F0E60B8298A6}"
EndProject
Project("{FAE04EC0-301F-11D3-BF4B-00C04F79EFBC}") = "Client.Entities", "Client.Entities\Client.Entities.csproj", "{9871296D-976F-466C-825F-FCFAA66C4212}"
EndProject
Project("{FAE04EC0-301F-11D3-BF4B-00C04F79EFBC}") = "Server.Entities", "Server.Entities\Server.Entities.csproj", "{904BAF22-A0A7-469B-B036-4CF9BF9190F5}"
EndProject
Project("{FAE04EC0-301F-11D3-BF4B-00C04F79EFBC}") = "TheAiGames.EngineCommHandler", "TheAiGames.EngineCommHandler\TheAiGames.EngineCommHandler.csproj", "{F787951E-571B-4507-AED9-8A4A55D2A4F5}"
EndProject
Project("{FAE04EC0-301F-11D3-BF4B-00C04F79EFBC}") = "Communication.Shared", "Communication.Shared\Communication.Shared.csproj", "{402F06CF-1819-4CCE-9E31-A07B560BD0FA}"
EndProject
Project("{FAE04EC0-301F-11D3-BF4B-00C04F79EFBC}") = "Communication.CommandHandling", "Communication.CommandHandling\Communication.CommandHandling.csproj", "{762984CC-0E48-4762-B05A-00F48742E863}"
EndProject
Project("{FAE04EC0-301F-11D3-BF4B-00C04F79EFBC}") = "Common", "Common\Common.csproj", "{E4CBE100-724B-4097-9EBD-DB0CFBE41375}"
EndProject
Project("{2150E333-8FDC-42A3-9474-1A3956D46DE8}") = "Tests", "Tests", "{B90BDD69-9375-4470-A4A2-1CD90046B7E3}"
EndProject
Project("{FAE04EC0-301F-11D3-BF4B-00C04F79EFBC}") = "TheAiGames.EngineCommHandler.Tests", "TheAiGames.CommunicationObjects.Tests\TheAiGames.EngineCommHandler.Tests.csproj", "{4F89350E-5363-4822-AD07-4D5272B55C84}"
EndProject
Project("{FAE04EC0-301F-11D3-BF4B-00C04F79EFBC}") = "Common.Tests", "Common.Tests\Common.Tests.csproj", "{C4C1CF72-EE5D-4B1F-B572-9181243F018A}"
EndProject
Project("{FAE04EC0-301F-11D3-BF4B-00C04F79EFBC}") = "Communication.CommandHandling.Tests", "Communication.CommandHandling.Tests\Communication.CommandHandling.Tests.csproj", "{B50BD638-80B2-4514-82E8-F7F8DDC080EE}"
EndProject
Project("{FAE04EC0-301F-11D3-BF4B-00C04F79EFBC}") = "GameAi.Interfaces", "GameAi.Interfaces\GameAi.Interfaces.csproj", "{F02FF366-6835-45EF-9EEE-2DF857830184}"
EndProject
Project("{FAE04EC0-301F-11D3-BF4B-00C04F79EFBC}") = "GameAi.Tests", "GameAi.Tests\GameAi.Tests.csproj", "{8EDF4429-251A-416D-BB68-93F227191BCF}"
EndProject
Project("{FAE04EC0-301F-11D3-BF4B-00C04F79EFBC}") = "GameObjectsLib.Tests", "GameObjectsLib.Tests\GameObjectsLib.Tests.csproj", "{496773E5-1554-42CD-B44F-55F9086F860B}"
EndProject
Project("{FAE04EC0-301F-11D3-BF4B-00C04F79EFBC}") = "GameAi.Data", "GameAi.Data\GameAi.Data.csproj", "{55CE83A4-73F0-4AE4-9AF2-CC96FB90C201}"
EndProject
Global
	GlobalSection(SolutionConfigurationPlatforms) = preSolution
		Debug|Any CPU = Debug|Any CPU
		Release|Any CPU = Release|Any CPU
	EndGlobalSection
	GlobalSection(ProjectConfigurationPlatforms) = postSolution
		{7022FF55-5AB7-467C-AF9A-BE8DCE89BA2B}.Debug|Any CPU.ActiveCfg = Debug|Any CPU
		{7022FF55-5AB7-467C-AF9A-BE8DCE89BA2B}.Debug|Any CPU.Build.0 = Debug|Any CPU
		{7022FF55-5AB7-467C-AF9A-BE8DCE89BA2B}.Release|Any CPU.ActiveCfg = Release|Any CPU
		{7022FF55-5AB7-467C-AF9A-BE8DCE89BA2B}.Release|Any CPU.Build.0 = Release|Any CPU
		{2D2BDB23-02D1-4FA4-9932-604A789412EE}.Debug|Any CPU.ActiveCfg = Debug|Any CPU
		{2D2BDB23-02D1-4FA4-9932-604A789412EE}.Debug|Any CPU.Build.0 = Debug|Any CPU
		{2D2BDB23-02D1-4FA4-9932-604A789412EE}.Release|Any CPU.ActiveCfg = Release|Any CPU
		{2D2BDB23-02D1-4FA4-9932-604A789412EE}.Release|Any CPU.Build.0 = Release|Any CPU
		{57A48D5C-6E58-4EC7-ACD0-565A4DF58DAF}.Debug|Any CPU.ActiveCfg = Debug|Any CPU
		{57A48D5C-6E58-4EC7-ACD0-565A4DF58DAF}.Debug|Any CPU.Build.0 = Debug|Any CPU
		{57A48D5C-6E58-4EC7-ACD0-565A4DF58DAF}.Release|Any CPU.ActiveCfg = Release|Any CPU
		{57A48D5C-6E58-4EC7-ACD0-565A4DF58DAF}.Release|Any CPU.Build.0 = Release|Any CPU
		{1C45EF91-9586-4FC0-AABB-34751A8AAFEF}.Debug|Any CPU.ActiveCfg = Debug|Any CPU
		{1C45EF91-9586-4FC0-AABB-34751A8AAFEF}.Debug|Any CPU.Build.0 = Debug|Any CPU
		{1C45EF91-9586-4FC0-AABB-34751A8AAFEF}.Release|Any CPU.ActiveCfg = Release|Any CPU
		{1C45EF91-9586-4FC0-AABB-34751A8AAFEF}.Release|Any CPU.Build.0 = Release|Any CPU
		{EB5F1BBB-F000-4835-86DF-F0E60B8298A6}.Debug|Any CPU.ActiveCfg = Debug|Any CPU
		{EB5F1BBB-F000-4835-86DF-F0E60B8298A6}.Debug|Any CPU.Build.0 = Debug|Any CPU
		{EB5F1BBB-F000-4835-86DF-F0E60B8298A6}.Release|Any CPU.ActiveCfg = Release|Any CPU
		{EB5F1BBB-F000-4835-86DF-F0E60B8298A6}.Release|Any CPU.Build.0 = Release|Any CPU
		{9871296D-976F-466C-825F-FCFAA66C4212}.Debug|Any CPU.ActiveCfg = Debug|Any CPU
		{9871296D-976F-466C-825F-FCFAA66C4212}.Debug|Any CPU.Build.0 = Debug|Any CPU
		{9871296D-976F-466C-825F-FCFAA66C4212}.Release|Any CPU.ActiveCfg = Release|Any CPU
		{9871296D-976F-466C-825F-FCFAA66C4212}.Release|Any CPU.Build.0 = Release|Any CPU
		{904BAF22-A0A7-469B-B036-4CF9BF9190F5}.Debug|Any CPU.ActiveCfg = Debug|Any CPU
		{904BAF22-A0A7-469B-B036-4CF9BF9190F5}.Debug|Any CPU.Build.0 = Debug|Any CPU
		{904BAF22-A0A7-469B-B036-4CF9BF9190F5}.Release|Any CPU.ActiveCfg = Release|Any CPU
		{904BAF22-A0A7-469B-B036-4CF9BF9190F5}.Release|Any CPU.Build.0 = Release|Any CPU
		{F787951E-571B-4507-AED9-8A4A55D2A4F5}.Debug|Any CPU.ActiveCfg = Debug|Any CPU
		{F787951E-571B-4507-AED9-8A4A55D2A4F5}.Debug|Any CPU.Build.0 = Debug|Any CPU
		{F787951E-571B-4507-AED9-8A4A55D2A4F5}.Release|Any CPU.ActiveCfg = Release|Any CPU
		{F787951E-571B-4507-AED9-8A4A55D2A4F5}.Release|Any CPU.Build.0 = Release|Any CPU
		{402F06CF-1819-4CCE-9E31-A07B560BD0FA}.Debug|Any CPU.ActiveCfg = Debug|Any CPU
		{402F06CF-1819-4CCE-9E31-A07B560BD0FA}.Debug|Any CPU.Build.0 = Debug|Any CPU
		{402F06CF-1819-4CCE-9E31-A07B560BD0FA}.Release|Any CPU.ActiveCfg = Release|Any CPU
		{402F06CF-1819-4CCE-9E31-A07B560BD0FA}.Release|Any CPU.Build.0 = Release|Any CPU
		{762984CC-0E48-4762-B05A-00F48742E863}.Debug|Any CPU.ActiveCfg = Debug|Any CPU
		{762984CC-0E48-4762-B05A-00F48742E863}.Debug|Any CPU.Build.0 = Debug|Any CPU
		{762984CC-0E48-4762-B05A-00F48742E863}.Release|Any CPU.ActiveCfg = Release|Any CPU
		{762984CC-0E48-4762-B05A-00F48742E863}.Release|Any CPU.Build.0 = Release|Any CPU
		{E4CBE100-724B-4097-9EBD-DB0CFBE41375}.Debug|Any CPU.ActiveCfg = Debug|Any CPU
		{E4CBE100-724B-4097-9EBD-DB0CFBE41375}.Debug|Any CPU.Build.0 = Debug|Any CPU
		{E4CBE100-724B-4097-9EBD-DB0CFBE41375}.Release|Any CPU.ActiveCfg = Release|Any CPU
		{E4CBE100-724B-4097-9EBD-DB0CFBE41375}.Release|Any CPU.Build.0 = Release|Any CPU
		{4F89350E-5363-4822-AD07-4D5272B55C84}.Debug|Any CPU.ActiveCfg = Debug|Any CPU
		{4F89350E-5363-4822-AD07-4D5272B55C84}.Debug|Any CPU.Build.0 = Debug|Any CPU
		{4F89350E-5363-4822-AD07-4D5272B55C84}.Release|Any CPU.ActiveCfg = Release|Any CPU
		{4F89350E-5363-4822-AD07-4D5272B55C84}.Release|Any CPU.Build.0 = Release|Any CPU
		{C4C1CF72-EE5D-4B1F-B572-9181243F018A}.Debug|Any CPU.ActiveCfg = Debug|Any CPU
		{C4C1CF72-EE5D-4B1F-B572-9181243F018A}.Debug|Any CPU.Build.0 = Debug|Any CPU
		{C4C1CF72-EE5D-4B1F-B572-9181243F018A}.Release|Any CPU.ActiveCfg = Release|Any CPU
		{C4C1CF72-EE5D-4B1F-B572-9181243F018A}.Release|Any CPU.Build.0 = Release|Any CPU
		{B50BD638-80B2-4514-82E8-F7F8DDC080EE}.Debug|Any CPU.ActiveCfg = Debug|Any CPU
		{B50BD638-80B2-4514-82E8-F7F8DDC080EE}.Debug|Any CPU.Build.0 = Debug|Any CPU
		{B50BD638-80B2-4514-82E8-F7F8DDC080EE}.Release|Any CPU.ActiveCfg = Release|Any CPU
		{B50BD638-80B2-4514-82E8-F7F8DDC080EE}.Release|Any CPU.Build.0 = Release|Any CPU
		{F02FF366-6835-45EF-9EEE-2DF857830184}.Debug|Any CPU.ActiveCfg = Debug|Any CPU
		{F02FF366-6835-45EF-9EEE-2DF857830184}.Debug|Any CPU.Build.0 = Debug|Any CPU
		{F02FF366-6835-45EF-9EEE-2DF857830184}.Release|Any CPU.ActiveCfg = Release|Any CPU
		{F02FF366-6835-45EF-9EEE-2DF857830184}.Release|Any CPU.Build.0 = Release|Any CPU
		{8EDF4429-251A-416D-BB68-93F227191BCF}.Debug|Any CPU.ActiveCfg = Debug|Any CPU
		{8EDF4429-251A-416D-BB68-93F227191BCF}.Debug|Any CPU.Build.0 = Debug|Any CPU
		{8EDF4429-251A-416D-BB68-93F227191BCF}.Release|Any CPU.ActiveCfg = Release|Any CPU
		{8EDF4429-251A-416D-BB68-93F227191BCF}.Release|Any CPU.Build.0 = Release|Any CPU
		{496773E5-1554-42CD-B44F-55F9086F860B}.Debug|Any CPU.ActiveCfg = Debug|Any CPU
		{496773E5-1554-42CD-B44F-55F9086F860B}.Debug|Any CPU.Build.0 = Debug|Any CPU
		{496773E5-1554-42CD-B44F-55F9086F860B}.Release|Any CPU.ActiveCfg = Release|Any CPU
		{496773E5-1554-42CD-B44F-55F9086F860B}.Release|Any CPU.Build.0 = Release|Any CPU
		{55CE83A4-73F0-4AE4-9AF2-CC96FB90C201}.Debug|Any CPU.ActiveCfg = Debug|Any CPU
		{55CE83A4-73F0-4AE4-9AF2-CC96FB90C201}.Debug|Any CPU.Build.0 = Debug|Any CPU
		{55CE83A4-73F0-4AE4-9AF2-CC96FB90C201}.Release|Any CPU.ActiveCfg = Release|Any CPU
		{55CE83A4-73F0-4AE4-9AF2-CC96FB90C201}.Release|Any CPU.Build.0 = Release|Any CPU
	EndGlobalSection
	GlobalSection(SolutionProperties) = preSolution
		HideSolutionNode = FALSE
	EndGlobalSection
	GlobalSection(NestedProjects) = preSolution
		{7022FF55-5AB7-467C-AF9A-BE8DCE89BA2B} = {E1ADE0FD-F1C8-47D3-BCD8-268E1C4F226B}
		{2D2BDB23-02D1-4FA4-9932-604A789412EE} = {2E315EA8-397F-49D5-895D-3DE24CE2EAD6}
		{9871296D-976F-466C-825F-FCFAA66C4212} = {E1ADE0FD-F1C8-47D3-BCD8-268E1C4F226B}
		{904BAF22-A0A7-469B-B036-4CF9BF9190F5} = {2E315EA8-397F-49D5-895D-3DE24CE2EAD6}
		{4F89350E-5363-4822-AD07-4D5272B55C84} = {B90BDD69-9375-4470-A4A2-1CD90046B7E3}
		{C4C1CF72-EE5D-4B1F-B572-9181243F018A} = {B90BDD69-9375-4470-A4A2-1CD90046B7E3}
		{B50BD638-80B2-4514-82E8-F7F8DDC080EE} = {B90BDD69-9375-4470-A4A2-1CD90046B7E3}
		{8EDF4429-251A-416D-BB68-93F227191BCF} = {B90BDD69-9375-4470-A4A2-1CD90046B7E3}
		{496773E5-1554-42CD-B44F-55F9086F860B} = {B90BDD69-9375-4470-A4A2-1CD90046B7E3}
	EndGlobalSection
	GlobalSection(ExtensibilityGlobals) = postSolution
		SolutionGuid = {2D606CDC-59E3-471D-99B3-397C7AD8F1AB}
	EndGlobalSection
EndGlobal
