
Microsoft Visual Studio Solution File, Format Version 12.00
# Visual Studio 15
VisualStudioVersion = 15.0.26730.16
MinimumVisualStudioVersion = 10.0.40219.1
Project("{FAE04EC0-301F-11D3-BF4B-00C04F79EFBC}") = "WinformsUI", "WinformsUI\WinformsUI.csproj", "{7022FF55-5AB7-467C-AF9A-BE8DCE89BA2B}"
EndProject
Project("{2150E333-8FDC-42A3-9474-1A3956D46DE8}") = "Client", "Client", "{E1ADE0FD-F1C8-47D3-BCD8-268E1C4F226B}"
EndProject
Project("{2150E333-8FDC-42A3-9474-1A3956D46DE8}") = "Server", "Server", "{2E315EA8-397F-49D5-895D-3DE24CE2EAD6}"
EndProject
Project("{FAE04EC0-301F-11D3-BF4B-00C04F79EFBC}") = "Server", "Server\Server.csproj", "{2D2BDB23-02D1-4FA4-9932-604A789412EE}"
EndProject
Project("{FAE04EC0-301F-11D3-BF4B-00C04F79EFBC}") = "GameObjectsLib", "GameObjectsLib\GameObjectsLib.csproj", "{57A48D5C-6E58-4EC7-ACD0-565A4DF58DAF}"
EndProject
Project("{FAE04EC0-301F-11D3-BF4B-00C04F79EFBC}") = "GameAi", "GameAi\GameAi.csproj", "{1C45EF91-9586-4FC0-AABB-34751A8AAFEF}"
EndProject
Project("{FAE04EC0-301F-11D3-BF4B-00C04F79EFBC}") = "GameHandlersLib", "GameHandlersLib\GameHandlersLib.csproj", "{EB5F1BBB-F000-4835-86DF-F0E60B8298A6}"
EndProject
Project("{FAE04EC0-301F-11D3-BF4B-00C04F79EFBC}") = "Client.Entities", "Client.Entities\Client.Entities.csproj", "{9871296D-976F-466C-825F-FCFAA66C4212}"
EndProject
Project("{FAE04EC0-301F-11D3-BF4B-00C04F79EFBC}") = "Server.Entities", "Server.Entities\Server.Entities.csproj", "{904BAF22-A0A7-469B-B036-4CF9BF9190F5}"
EndProject
Global
	GlobalSection(SolutionConfigurationPlatforms) = preSolution
		Debug|Any CPU = Debug|Any CPU
		Release|Any CPU = Release|Any CPU
	EndGlobalSection
	GlobalSection(ProjectConfigurationPlatforms) = postSolution
		{7022FF55-5AB7-467C-AF9A-BE8DCE89BA2B}.Debug|Any CPU.ActiveCfg = Debug|Any CPU
		{7022FF55-5AB7-467C-AF9A-BE8DCE89BA2B}.Debug|Any CPU.Build.0 = Debug|Any CPU
		{7022FF55-5AB7-467C-AF9A-BE8DCE89BA2B}.Release|Any CPU.ActiveCfg = Release|Any CPU
		{7022FF55-5AB7-467C-AF9A-BE8DCE89BA2B}.Release|Any CPU.Build.0 = Release|Any CPU
		{2D2BDB23-02D1-4FA4-9932-604A789412EE}.Debug|Any CPU.ActiveCfg = Debug|Any CPU
		{2D2BDB23-02D1-4FA4-9932-604A789412EE}.Debug|Any CPU.Build.0 = Debug|Any CPU
		{2D2BDB23-02D1-4FA4-9932-604A789412EE}.Release|Any CPU.ActiveCfg = Release|Any CPU
		{2D2BDB23-02D1-4FA4-9932-604A789412EE}.Release|Any CPU.Build.0 = Release|Any CPU
		{57A48D5C-6E58-4EC7-ACD0-565A4DF58DAF}.Debug|Any CPU.ActiveCfg = Debug|Any CPU
		{57A48D5C-6E58-4EC7-ACD0-565A4DF58DAF}.Debug|Any CPU.Build.0 = Debug|Any CPU
		{57A48D5C-6E58-4EC7-ACD0-565A4DF58DAF}.Release|Any CPU.ActiveCfg = Release|Any CPU
		{57A48D5C-6E58-4EC7-ACD0-565A4DF58DAF}.Release|Any CPU.Build.0 = Release|Any CPU
		{1C45EF91-9586-4FC0-AABB-34751A8AAFEF}.Debug|Any CPU.ActiveCfg = Debug|Any CPU
		{1C45EF91-9586-4FC0-AABB-34751A8AAFEF}.Debug|Any CPU.Build.0 = Debug|Any CPU
		{1C45EF91-9586-4FC0-AABB-34751A8AAFEF}.Release|Any CPU.ActiveCfg = Release|Any CPU
		{1C45EF91-9586-4FC0-AABB-34751A8AAFEF}.Release|Any CPU.Build.0 = Release|Any CPU
		{EB5F1BBB-F000-4835-86DF-F0E60B8298A6}.Debug|Any CPU.ActiveCfg = Debug|Any CPU
		{EB5F1BBB-F000-4835-86DF-F0E60B8298A6}.Debug|Any CPU.Build.0 = Debug|Any CPU
		{EB5F1BBB-F000-4835-86DF-F0E60B8298A6}.Release|Any CPU.ActiveCfg = Release|Any CPU
		{EB5F1BBB-F000-4835-86DF-F0E60B8298A6}.Release|Any CPU.Build.0 = Release|Any CPU
		{9871296D-976F-466C-825F-FCFAA66C4212}.Debug|Any CPU.ActiveCfg = Debug|Any CPU
		{9871296D-976F-466C-825F-FCFAA66C4212}.Debug|Any CPU.Build.0 = Debug|Any CPU
		{9871296D-976F-466C-825F-FCFAA66C4212}.Release|Any CPU.ActiveCfg = Release|Any CPU
		{9871296D-976F-466C-825F-FCFAA66C4212}.Release|Any CPU.Build.0 = Release|Any CPU
		{904BAF22-A0A7-469B-B036-4CF9BF9190F5}.Debug|Any CPU.ActiveCfg = Debug|Any CPU
		{904BAF22-A0A7-469B-B036-4CF9BF9190F5}.Debug|Any CPU.Build.0 = Debug|Any CPU
		{904BAF22-A0A7-469B-B036-4CF9BF9190F5}.Release|Any CPU.ActiveCfg = Release|Any CPU
		{904BAF22-A0A7-469B-B036-4CF9BF9190F5}.Release|Any CPU.Build.0 = Release|Any CPU
	EndGlobalSection
	GlobalSection(SolutionProperties) = preSolution
		HideSolutionNode = FALSE
	EndGlobalSection
	GlobalSection(NestedProjects) = preSolution
		{7022FF55-5AB7-467C-AF9A-BE8DCE89BA2B} = {E1ADE0FD-F1C8-47D3-BCD8-268E1C4F226B}
		{2D2BDB23-02D1-4FA4-9932-604A789412EE} = {2E315EA8-397F-49D5-895D-3DE24CE2EAD6}
		{9871296D-976F-466C-825F-FCFAA66C4212} = {E1ADE0FD-F1C8-47D3-BCD8-268E1C4F226B}
		{904BAF22-A0A7-469B-B036-4CF9BF9190F5} = {2E315EA8-397F-49D5-895D-3DE24CE2EAD6}
	EndGlobalSection
	GlobalSection(ExtensibilityGlobals) = postSolution
		SolutionGuid = {2D606CDC-59E3-471D-99B3-397C7AD8F1AB}
	EndGlobalSection
EndGlobal
