
Microsoft Visual Studio Solution File, Format Version 12.00
# Visual Studio 15
VisualStudioVersion = 15.0.26430.14
MinimumVisualStudioVersion = 10.0.40219.1
Project("{FAE04EC0-301F-11D3-BF4B-00C04F79EFBC}") = "WinformsUI", "WinformsUI\WinformsUI.csproj", "{7022FF55-5AB7-467C-AF9A-BE8DCE89BA2B}"
EndProject
Project("{2150E333-8FDC-42A3-9474-1A3956D46DE8}") = "Maps", "Maps", "{B8663EA2-E2EE-4981-8B1F-DB7035326EA6}"
	ProjectSection(SolutionItems) = preProject
		WinformsUI\bin\Debug\Maps\Map.xsd = WinformsUI\bin\Debug\Maps\Map.xsd
		WinformsUI\bin\Debug\Maps\RegionColorMapping.xsd = WinformsUI\bin\Debug\Maps\RegionColorMapping.xsd
		WinformsUI\bin\Debug\Maps\World.xml = WinformsUI\bin\Debug\Maps\World.xml
		WinformsUI\bin\Debug\Maps\WorldColorRegionMapping.xml = WinformsUI\bin\Debug\Maps\WorldColorRegionMapping.xml
	EndProjectSection
EndProject
Project("{2150E333-8FDC-42A3-9474-1A3956D46DE8}") = "Client", "Client", "{E1ADE0FD-F1C8-47D3-BCD8-268E1C4F226B}"
EndProject
Project("{2150E333-8FDC-42A3-9474-1A3956D46DE8}") = "Server", "Server", "{2E315EA8-397F-49D5-895D-3DE24CE2EAD6}"
EndProject
Project("{FAE04EC0-301F-11D3-BF4B-00C04F79EFBC}") = "Server", "Server\Server.csproj", "{2D2BDB23-02D1-4FA4-9932-604A789412EE}"
EndProject
Project("{FAE04EC0-301F-11D3-BF4B-00C04F79EFBC}") = "GameObjectsLib", "GameObjectsLib\GameObjectsLib.csproj", "{57A48D5C-6E58-4EC7-ACD0-565A4DF58DAF}"
EndProject
Project("{D954291E-2A0B-460D-934E-DC6B0785DB48}") = "DatabaseMapping", "DatabaseMapping\DatabaseMapping.shproj", "{DD19A542-66A9-4019-B855-F25CEFB9E326}"
EndProject
Global
	GlobalSection(SharedMSBuildProjectFiles) = preSolution
		DatabaseMapping\DatabaseMapping.projitems*{7022ff55-5ab7-467c-af9a-be8dce89ba2b}*SharedItemsImports = 4
		DatabaseMapping\DatabaseMapping.projitems*{dd19a542-66a9-4019-b855-f25cefb9e326}*SharedItemsImports = 13
	EndGlobalSection
	GlobalSection(SolutionConfigurationPlatforms) = preSolution
		Debug|Any CPU = Debug|Any CPU
		Release|Any CPU = Release|Any CPU
	EndGlobalSection
	GlobalSection(ProjectConfigurationPlatforms) = postSolution
		{7022FF55-5AB7-467C-AF9A-BE8DCE89BA2B}.Debug|Any CPU.ActiveCfg = Debug|Any CPU
		{7022FF55-5AB7-467C-AF9A-BE8DCE89BA2B}.Debug|Any CPU.Build.0 = Debug|Any CPU
		{7022FF55-5AB7-467C-AF9A-BE8DCE89BA2B}.Release|Any CPU.ActiveCfg = Release|Any CPU
		{7022FF55-5AB7-467C-AF9A-BE8DCE89BA2B}.Release|Any CPU.Build.0 = Release|Any CPU
		{2D2BDB23-02D1-4FA4-9932-604A789412EE}.Debug|Any CPU.ActiveCfg = Debug|Any CPU
		{2D2BDB23-02D1-4FA4-9932-604A789412EE}.Debug|Any CPU.Build.0 = Debug|Any CPU
		{2D2BDB23-02D1-4FA4-9932-604A789412EE}.Release|Any CPU.ActiveCfg = Release|Any CPU
		{2D2BDB23-02D1-4FA4-9932-604A789412EE}.Release|Any CPU.Build.0 = Release|Any CPU
		{57A48D5C-6E58-4EC7-ACD0-565A4DF58DAF}.Debug|Any CPU.ActiveCfg = Debug|Any CPU
		{57A48D5C-6E58-4EC7-ACD0-565A4DF58DAF}.Debug|Any CPU.Build.0 = Debug|Any CPU
		{57A48D5C-6E58-4EC7-ACD0-565A4DF58DAF}.Release|Any CPU.ActiveCfg = Release|Any CPU
		{57A48D5C-6E58-4EC7-ACD0-565A4DF58DAF}.Release|Any CPU.Build.0 = Release|Any CPU
	EndGlobalSection
	GlobalSection(SolutionProperties) = preSolution
		HideSolutionNode = FALSE
	EndGlobalSection
	GlobalSection(NestedProjects) = preSolution
		{7022FF55-5AB7-467C-AF9A-BE8DCE89BA2B} = {E1ADE0FD-F1C8-47D3-BCD8-268E1C4F226B}
		{2D2BDB23-02D1-4FA4-9932-604A789412EE} = {2E315EA8-397F-49D5-895D-3DE24CE2EAD6}
		{DD19A542-66A9-4019-B855-F25CEFB9E326} = {E1ADE0FD-F1C8-47D3-BCD8-268E1C4F226B}
	EndGlobalSection
EndGlobal
