
Microsoft Visual Studio Solution File, Format Version 12.00
# Visual Studio 15
VisualStudioVersion = 15.0.26430.14
MinimumVisualStudioVersion = 10.0.40219.1
Project("{2150E333-8FDC-42A3-9474-1A3956D46DE8}") = "Client", "Client", "{614AA611-E793-4EAB-9EB4-C27F45CE1BB2}"
EndProject
Project("{FAE04EC0-301F-11D3-BF4B-00C04F79EFBC}") = "WinformsUI", "Client\WinformsUI\WinformsUI.csproj", "{7022FF55-5AB7-467C-AF9A-BE8DCE89BA2B}"
EndProject
Global
	GlobalSection(SolutionConfigurationPlatforms) = preSolution
		Debug|Any CPU = Debug|Any CPU
		Release|Any CPU = Release|Any CPU
	EndGlobalSection
	GlobalSection(ProjectConfigurationPlatforms) = postSolution
		{7022FF55-5AB7-467C-AF9A-BE8DCE89BA2B}.Debug|Any CPU.ActiveCfg = Debug|Any CPU
		{7022FF55-5AB7-467C-AF9A-BE8DCE89BA2B}.Debug|Any CPU.Build.0 = Debug|Any CPU
		{7022FF55-5AB7-467C-AF9A-BE8DCE89BA2B}.Release|Any CPU.ActiveCfg = Release|Any CPU
		{7022FF55-5AB7-467C-AF9A-BE8DCE89BA2B}.Release|Any CPU.Build.0 = Release|Any CPU
	EndGlobalSection
	GlobalSection(SolutionProperties) = preSolution
		HideSolutionNode = FALSE
	EndGlobalSection
	GlobalSection(NestedProjects) = preSolution
		{7022FF55-5AB7-467C-AF9A-BE8DCE89BA2B} = {614AA611-E793-4EAB-9EB4-C27F45CE1BB2}
	EndGlobalSection
EndGlobal
